{
  "name": "language-annotation-studio",
  "lockfileVersion": 3,
  "requires": true,
  "packages": {
    "": {
      "dependencies": {
        "@hallelx/youtube-transcript": "0.2.0"
      }
    },
    "node_modules/@hallelx/youtube-transcript": {
      "version": "0.2.0",
      "resolved": "https://registry.npmjs.org/@hallelx/youtube-transcript/-/youtube-transcript-0.2.0.tgz",
      "integrity": "sha512-xaUiACZo9S4YHXCqr1XIhOc3vgI2sjQf+FnFkUvxbv84J1GicC4RrjUiVWmQlMI8hJW4ztyqDZFcalXquPRpjg==",
      "license": "MIT",
      "bin": {
        "youtube-transcript": "dist/cli.js"
      },
      "engines": {
        "node": ">=18"
      },
      "peerDependencies": {
        "undici": ">=5"
      },
      "peerDependenciesMeta": {
        "undici": {
          "optional": true
        }
      }
    }
  }
}
